
Microsoft Visual Studio Solution File, Format Version 12.00
# Visual Studio Version 16
VisualStudioVersion = 16.0.31424.327
MinimumVisualStudioVersion = 10.0.40219.1
Project("{FAE04EC0-301F-11D3-BF4B-00C04F79EFBC}") = "fpga2pinout", "fpga2pinout\fpga2pinout.csproj", "{D7C5DFFD-B698-4D5E-8AFD-46117D23EBFB}"
EndProject
Project("{FAE04EC0-301F-11D3-BF4B-00C04F79EFBC}") = "png2base64", "..\png2base64\png2base64.csproj", "{C072EC64-DD1E-421F-AB91-F518D6D40795}"
EndProject
Global
	GlobalSection(SolutionConfigurationPlatforms) = preSolution
		Debug|Any CPU = Debug|Any CPU
		Release|Any CPU = Release|Any CPU
	EndGlobalSection
	GlobalSection(ProjectConfigurationPlatforms) = postSolution
		{D7C5DFFD-B698-4D5E-8AFD-46117D23EBFB}.Debug|Any CPU.ActiveCfg = Debug|Any CPU
		{D7C5DFFD-B698-4D5E-8AFD-46117D23EBFB}.Debug|Any CPU.Build.0 = Debug|Any CPU
		{D7C5DFFD-B698-4D5E-8AFD-46117D23EBFB}.Release|Any CPU.ActiveCfg = Release|Any CPU
		{D7C5DFFD-B698-4D5E-8AFD-46117D23EBFB}.Release|Any CPU.Build.0 = Release|Any CPU
		{C072EC64-DD1E-421F-AB91-F518D6D40795}.Debug|Any CPU.ActiveCfg = Debug|Any CPU
		{C072EC64-DD1E-421F-AB91-F518D6D40795}.Debug|Any CPU.Build.0 = Debug|Any CPU
		{C072EC64-DD1E-421F-AB91-F518D6D40795}.Release|Any CPU.ActiveCfg = Release|Any CPU
		{C072EC64-DD1E-421F-AB91-F518D6D40795}.Release|Any CPU.Build.0 = Release|Any CPU
	EndGlobalSection
	GlobalSection(SolutionProperties) = preSolution
		HideSolutionNode = FALSE
	EndGlobalSection
	GlobalSection(ExtensibilityGlobals) = postSolution
		SolutionGuid = {7847257E-5A7A-430E-82F9-DEE062B45B53}
	EndGlobalSection
EndGlobal
